// !$*UTF8*$!
{
	archiveVersion = 1;
	classes = {
	};
	objectVersion = 51;
	objects = {

/* Begin PBXBuildFile section */
		B5FF55CE247C3724004CBCA0 /* AppDelegate.swift in Sources */ = {isa = PBXBuildFile; fileRef = B5FF55CD247C3724004CBCA0 /* AppDelegate.swift */; };
		B5FF55D0247C3724004CBCA0 /* SceneDelegate.swift in Sources */ = {isa = PBXBuildFile; fileRef = B5FF55CF247C3724004CBCA0 /* SceneDelegate.swift */; };
		B5FF55D2247C3724004CBCA0 /* ContentView.swift in Sources */ = {isa = PBXBuildFile; fileRef = B5FF55D1247C3724004CBCA0 /* ContentView.swift */; };
		B5FF55D4247C3725004CBCA0 /* Assets.xcassets in Resources */ = {isa = PBXBuildFile; fileRef = B5FF55D3247C3725004CBCA0 /* Assets.xcassets */; };
		B5FF55D7247C3725004CBCA0 /* Preview Assets.xcassets in Resources */ = {isa = PBXBuildFile; fileRef = B5FF55D6247C3725004CBCA0 /* Preview Assets.xcassets */; };
		B5FF55DA247C3725004CBCA0 /* LaunchScreen.storyboard in Resources */ = {isa = PBXBuildFile; fileRef = B5FF55D8247C3725004CBCA0 /* LaunchScreen.storyboard */; };
		B5FF55E8247C3DD9004CBCA0 /* ImageService.swift in Sources */ = {isa = PBXBuildFile; fileRef = B5FF55E7247C3DD9004CBCA0 /* ImageService.swift */; };
		B5FF55EA247C3DFC004CBCA0 /* ImageLoader.swift in Sources */ = {isa = PBXBuildFile; fileRef = B5FF55E9247C3DFC004CBCA0 /* ImageLoader.swift */; };
		DA6F7BAFCBE555A6A1AD7724 /* Pods_KinoMovieApp.framework in Frameworks */ = {isa = PBXBuildFile; fileRef = 606DE596AE8D146A2EFD7618 /* Pods_KinoMovieApp.framework */; };
/* End PBXBuildFile section */

/* Begin PBXFileReference section */
		606DE596AE8D146A2EFD7618 /* Pods_KinoMovieApp.framework */ = {isa = PBXFileReference; explicitFileType = wrapper.framework; includeInIndex = 0; path = Pods_KinoMovieApp.framework; sourceTree = BUILT_PRODUCTS_DIR; };
		B5FF55CA247C3724004CBCA0 /* KinoMovieApp.app */ = {isa = PBXFileReference; explicitFileType = wrapper.application; includeInIndex = 0; path = KinoMovieApp.app; sourceTree = BUILT_PRODUCTS_DIR; };
		B5FF55CD247C3724004CBCA0 /* AppDelegate.swift */ = {isa = PBXFileReference; lastKnownFileType = sourcecode.swift; path = AppDelegate.swift; sourceTree = "<group>"; };
		B5FF55CF247C3724004CBCA0 /* SceneDelegate.swift */ = {isa = PBXFileReference; lastKnownFileType = sourcecode.swift; path = SceneDelegate.swift; sourceTree = "<group>"; };
		B5FF55D1247C3724004CBCA0 /* ContentView.swift */ = {isa = PBXFileReference; lastKnownFileType = sourcecode.swift; path = ContentView.swift; sourceTree = "<group>"; };
		B5FF55D3247C3725004CBCA0 /* Assets.xcassets */ = {isa = PBXFileReference; lastKnownFileType = folder.assetcatalog; path = Assets.xcassets; sourceTree = "<group>"; };
		B5FF55D6247C3725004CBCA0 /* Preview Assets.xcassets */ = {isa = PBXFileReference; lastKnownFileType = folder.assetcatalog; path = "Preview Assets.xcassets"; sourceTree = "<group>"; };
		B5FF55D9247C3725004CBCA0 /* Base */ = {isa = PBXFileReference; lastKnownFileType = file.storyboard; name = Base; path = Base.lproj/LaunchScreen.storyboard; sourceTree = "<group>"; };
		B5FF55DB247C3725004CBCA0 /* Info.plist */ = {isa = PBXFileReference; lastKnownFileType = text.plist.xml; path = Info.plist; sourceTree = "<group>"; };
		B5FF55E7247C3DD9004CBCA0 /* ImageService.swift */ = {isa = PBXFileReference; lastKnownFileType = sourcecode.swift; path = ImageService.swift; sourceTree = "<group>"; };
		B5FF55E9247C3DFC004CBCA0 /* ImageLoader.swift */ = {isa = PBXFileReference; lastKnownFileType = sourcecode.swift; path = ImageLoader.swift; sourceTree = "<group>"; };
		C629B5DA6AD1313099BC6829 /* Pods-KinoMovieApp.debug.xcconfig */ = {isa = PBXFileReference; includeInIndex = 1; lastKnownFileType = text.xcconfig; name = "Pods-KinoMovieApp.debug.xcconfig"; path = "Target Support Files/Pods-KinoMovieApp/Pods-KinoMovieApp.debug.xcconfig"; sourceTree = "<group>"; };
		CE00D57868288150B37D213A /* Pods-KinoMovieApp.release.xcconfig */ = {isa = PBXFileReference; includeInIndex = 1; lastKnownFileType = text.xcconfig; name = "Pods-KinoMovieApp.release.xcconfig"; path = "Target Support Files/Pods-KinoMovieApp/Pods-KinoMovieApp.release.xcconfig"; sourceTree = "<group>"; };
/* End PBXFileReference section */

/* Begin PBXFrameworksBuildPhase section */
		B5FF55C7247C3724004CBCA0 /* Frameworks */ = {
			isa = PBXFrameworksBuildPhase;
			buildActionMask = 2147483647;
			files = (
				DA6F7BAFCBE555A6A1AD7724 /* Pods_KinoMovieApp.framework in Frameworks */,
			);
			runOnlyForDeploymentPostprocessing = 0;
		};
/* End PBXFrameworksBuildPhase section */

/* Begin PBXGroup section */
		26898F0DCECCBDB3FDC2517F /* Frameworks */ = {
			isa = PBXGroup;
			children = (
				606DE596AE8D146A2EFD7618 /* Pods_KinoMovieApp.framework */,
			);
			name = Frameworks;
			sourceTree = "<group>";
		};
		AA4D67BC9B6FC52658DC5B9C /* Pods */ = {
			isa = PBXGroup;
			children = (
				C629B5DA6AD1313099BC6829 /* Pods-KinoMovieApp.debug.xcconfig */,
				CE00D57868288150B37D213A /* Pods-KinoMovieApp.release.xcconfig */,
			);
			path = Pods;
			sourceTree = "<group>";
		};
		B5FF55C1247C3724004CBCA0 = {
			isa = PBXGroup;
			children = (
				B5FF55CC247C3724004CBCA0 /* KinoMovieApp */,
				B5FF55CB247C3724004CBCA0 /* Products */,
				AA4D67BC9B6FC52658DC5B9C /* Pods */,
				26898F0DCECCBDB3FDC2517F /* Frameworks */,
			);
			sourceTree = "<group>";
		};
		B5FF55CB247C3724004CBCA0 /* Products */ = {
			isa = PBXGroup;
			children = (
				B5FF55CA247C3724004CBCA0 /* KinoMovieApp.app */,
			);
			name = Products;
			sourceTree = "<group>";
		};
		B5FF55CC247C3724004CBCA0 /* KinoMovieApp */ = {
			isa = PBXGroup;
			children = (
				B5FF55CD247C3724004CBCA0 /* AppDelegate.swift */,
				B5FF55CF247C3724004CBCA0 /* SceneDelegate.swift */,
				B5FF55E4247C3D2C004CBCA0 /* Models */,
				B5FF55E3247C3D22004CBCA0 /* View Models */,
				B5FF55E2247C3D18004CBCA0 /* Views */,
				B5FF55E5247C3D5D004CBCA0 /* Extension&Protocols */,
				B5FF55E1247C3D0C004CBCA0 /* Services */,
				B5FF55D3247C3725004CBCA0 /* Assets.xcassets */,
				B5FF55D8247C3725004CBCA0 /* LaunchScreen.storyboard */,
				B5FF55DB247C3725004CBCA0 /* Info.plist */,
				B5FF55D5247C3725004CBCA0 /* Preview Content */,
			);
			path = KinoMovieApp;
			sourceTree = "<group>";
		};
		B5FF55D5247C3725004CBCA0 /* Preview Content */ = {
			isa = PBXGroup;
			children = (
				B5FF55D6247C3725004CBCA0 /* Preview Assets.xcassets */,
			);
			path = "Preview Content";
			sourceTree = "<group>";
		};
		B5FF55E1247C3D0C004CBCA0 /* Services */ = {
			isa = PBXGroup;
			children = (
				B5FF55E6247C3DAF004CBCA0 /* ImageLoader */,
			);
			path = Services;
			sourceTree = "<group>";
		};
		B5FF55E2247C3D18004CBCA0 /* Views */ = {
			isa = PBXGroup;
			children = (
				B5FF55D1247C3724004CBCA0 /* ContentView.swift */,
			);
			path = Views;
			sourceTree = "<group>";
		};
		B5FF55E3247C3D22004CBCA0 /* View Models */ = {
			isa = PBXGroup;
			children = (
			);
			path = "View Models";
			sourceTree = "<group>";
		};
		B5FF55E4247C3D2C004CBCA0 /* Models */ = {
			isa = PBXGroup;
			children = (
			);
			path = Models;
			sourceTree = "<group>";
		};
		B5FF55E5247C3D5D004CBCA0 /* Extension&Protocols */ = {
			isa = PBXGroup;
			children = (
			);
			path = "Extension&Protocols";
			sourceTree = "<group>";
		};
		B5FF55E6247C3DAF004CBCA0 /* ImageLoader */ = {
			isa = PBXGroup;
			children = (
				B5FF55E7247C3DD9004CBCA0 /* ImageService.swift */,
				B5FF55E9247C3DFC004CBCA0 /* ImageLoader.swift */,
			);
			path = ImageLoader;
			sourceTree = "<group>";
		};
/* End PBXGroup section */

/* Begin PBXNativeTarget section */
		B5FF55C9247C3724004CBCA0 /* KinoMovieApp */ = {
			isa = PBXNativeTarget;
			buildConfigurationList = B5FF55DE247C3725004CBCA0 /* Build configuration list for PBXNativeTarget "KinoMovieApp" */;
			buildPhases = (
				BFA0F311B01DA7A2CC23C499 /* [CP] Check Pods Manifest.lock */,
				B5FF55C6247C3724004CBCA0 /* Sources */,
				B5FF55C7247C3724004CBCA0 /* Frameworks */,
				B5FF55C8247C3724004CBCA0 /* Resources */,
				6B6F13B9D43D94AD2D2A5B71 /* [CP] Embed Pods Frameworks */,
			);
			buildRules = (
			);
			dependencies = (
			);
			name = KinoMovieApp;
			productName = KinoMovieApp;
			productReference = B5FF55CA247C3724004CBCA0 /* KinoMovieApp.app */;
			productType = "com.apple.product-type.application";
		};
/* End PBXNativeTarget section */

/* Begin PBXProject section */
		B5FF55C2247C3724004CBCA0 /* Project object */ = {
			isa = PBXProject;
			attributes = {
				LastSwiftUpdateCheck = 1140;
				LastUpgradeCheck = 1140;
				ORGANIZATIONNAME = "jose francisco morales";
				TargetAttributes = {
					B5FF55C9247C3724004CBCA0 = {
						CreatedOnToolsVersion = 11.4;
					};
				};
			};
			buildConfigurationList = B5FF55C5247C3724004CBCA0 /* Build configuration list for PBXProject "KinoMovieApp" */;
			compatibilityVersion = "Xcode 9.3";
			developmentRegion = en;
			hasScannedForEncodings = 0;
			knownRegions = (
				en,
				Base,
			);
			mainGroup = B5FF55C1247C3724004CBCA0;
			productRefGroup = B5FF55CB247C3724004CBCA0 /* Products */;
			projectDirPath = "";
			projectRoot = "";
			targets = (
				B5FF55C9247C3724004CBCA0 /* KinoMovieApp */,
			);
		};
/* End PBXProject section */

/* Begin PBXResourcesBuildPhase section */
		B5FF55C8247C3724004CBCA0 /* Resources */ = {
			isa = PBXResourcesBuildPhase;
			buildActionMask = 2147483647;
			files = (
				B5FF55DA247C3725004CBCA0 /* LaunchScreen.storyboard in Resources */,
				B5FF55D7247C3725004CBCA0 /* Preview Assets.xcassets in Resources */,
				B5FF55D4247C3725004CBCA0 /* Assets.xcassets in Resources */,
			);
			runOnlyForDeploymentPostprocessing = 0;
		};
/* End PBXResourcesBuildPhase section */

/* Begin PBXShellScriptBuildPhase section */
		6B6F13B9D43D94AD2D2A5B71 /* [CP] Embed Pods Frameworks */ = {
			isa = PBXShellScriptBuildPhase;
			buildActionMask = 2147483647;
			files = (
			);
			inputFileListPaths = (
				"${PODS_ROOT}/Target Support Files/Pods-KinoMovieApp/Pods-KinoMovieApp-frameworks-${CONFIGURATION}-input-files.xcfilelist",
			);
			name = "[CP] Embed Pods Frameworks";
			outputFileListPaths = (
				"${PODS_ROOT}/Target Support Files/Pods-KinoMovieApp/Pods-KinoMovieApp-frameworks-${CONFIGURATION}-output-files.xcfilelist",
			);
			runOnlyForDeploymentPostprocessing = 0;
			shellPath = /bin/sh;
			shellScript = "\"${PODS_ROOT}/Target Support Files/Pods-KinoMovieApp/Pods-KinoMovieApp-frameworks.sh\"\n";
			showEnvVarsInLog = 0;
		};
		BFA0F311B01DA7A2CC23C499 /* [CP] Check Pods Manifest.lock */ = {
			isa = PBXShellScriptBuildPhase;
			buildActionMask = 2147483647;
			files = (
			);
			inputFileListPaths = (
			);
			inputPaths = (
				"${PODS_PODFILE_DIR_PATH}/Podfile.lock",
				"${PODS_ROOT}/Manifest.lock",
			);
			name = "[CP] Check Pods Manifest.lock";
			outputFileListPaths = (
			);
			outputPaths = (
				"$(DERIVED_FILE_DIR)/Pods-KinoMovieApp-checkManifestLockResult.txt",
			);
			runOnlyForDeploymentPostprocessing = 0;
			shellPath = /bin/sh;
			shellScript = "diff \"${PODS_PODFILE_DIR_PATH}/Podfile.lock\" \"${PODS_ROOT}/Manifest.lock\" > /dev/null\nif [ $? != 0 ] ; then\n    # print error to STDERR\n    echo \"error: The sandbox is not in sync with the Podfile.lock. Run 'pod install' or update your CocoaPods installation.\" >&2\n    exit 1\nfi\n# This output is used by Xcode 'outputs' to avoid re-running this script phase.\necho \"SUCCESS\" > \"${SCRIPT_OUTPUT_FILE_0}\"\n";
			showEnvVarsInLog = 0;
		};
/* End PBXShellScriptBuildPhase section */

/* Begin PBXSourcesBuildPhase section */
		B5FF55C6247C3724004CBCA0 /* Sources */ = {
			isa = PBXSourcesBuildPhase;
			buildActionMask = 2147483647;
			files = (
				B5FF55CE247C3724004CBCA0 /* AppDelegate.swift in Sources */,
				B5FF55E8247C3DD9004CBCA0 /* ImageService.swift in Sources */,
				B5FF55EA247C3DFC004CBCA0 /* ImageLoader.swift in Sources */,
				B5FF55D0247C3724004CBCA0 /* SceneDelegate.swift in Sources */,
				B5FF55D2247C3724004CBCA0 /* ContentView.swift in Sources */,
			);
			runOnlyForDeploymentPostprocessing = 0;
		};
/* End PBXSourcesBuildPhase section */

/* Begin PBXVariantGroup section */
		B5FF55D8247C3725004CBCA0 /* LaunchScreen.storyboard */ = {
			isa = PBXVariantGroup;
			children = (
				B5FF55D9247C3725004CBCA0 /* Base */,
			);
			name = LaunchScreen.storyboard;
			sourceTree = "<group>";
		};
/* End PBXVariantGroup section */

/* Begin XCBuildConfiguration section */
		B5FF55DC247C3725004CBCA0 /* Debug */ = {
			isa = XCBuildConfiguration;
			buildSettings = {
				ALWAYS_SEARCH_USER_PATHS = NO;
				CLANG_ANALYZER_NONNULL = YES;
				CLANG_ANALYZER_NUMBER_OBJECT_CONVERSION = YES_AGGRESSIVE;
				CLANG_CXX_LANGUAGE_STANDARD = "gnu++14";
				CLANG_CXX_LIBRARY = "libc++";
				CLANG_ENABLE_MODULES = YES;
				CLANG_ENABLE_OBJC_ARC = YES;
				CLANG_ENABLE_OBJC_WEAK = YES;
				CLANG_WARN_BLOCK_CAPTURE_AUTORELEASING = YES;
				CLANG_WARN_BOOL_CONVERSION = YES;
				CLANG_WARN_COMMA = YES;
				CLANG_WARN_CONSTANT_CONVERSION = YES;
				CLANG_WARN_DEPRECATED_OBJC_IMPLEMENTATIONS = YES;
				CLANG_WARN_DIRECT_OBJC_ISA_USAGE = YES_ERROR;
				CLANG_WARN_DOCUMENTATION_COMMENTS = YES;
				CLANG_WARN_EMPTY_BODY = YES;
				CLANG_WARN_ENUM_CONVERSION = YES;
				CLANG_WARN_INFINITE_RECURSION = YES;
				CLANG_WARN_INT_CONVERSION = YES;
				CLANG_WARN_NON_LITERAL_NULL_CONVERSION = YES;
				CLANG_WARN_OBJC_IMPLICIT_RETAIN_SELF = YES;
				CLANG_WARN_OBJC_LITERAL_CONVERSION = YES;
				CLANG_WARN_OBJC_ROOT_CLASS = YES_ERROR;
				CLANG_WARN_RANGE_LOOP_ANALYSIS = YES;
				CLANG_WARN_STRICT_PROTOTYPES = YES;
				CLANG_WARN_SUSPICIOUS_MOVE = YES;
				CLANG_WARN_UNGUARDED_AVAILABILITY = YES_AGGRESSIVE;
				CLANG_WARN_UNREACHABLE_CODE = YES;
				CLANG_WARN__DUPLICATE_METHOD_MATCH = YES;
				COPY_PHASE_STRIP = NO;
				DEBUG_INFORMATION_FORMAT = dwarf;
				ENABLE_STRICT_OBJC_MSGSEND = YES;
				ENABLE_TESTABILITY = YES;
				GCC_C_LANGUAGE_STANDARD = gnu11;
				GCC_DYNAMIC_NO_PIC = NO;
				GCC_NO_COMMON_BLOCKS = YES;
				GCC_OPTIMIZATION_LEVEL = 0;
				GCC_PREPROCESSOR_DEFINITIONS = (
					"DEBUG=1",
					"$(inherited)",
				);
				GCC_WARN_64_TO_32_BIT_CONVERSION = YES;
				GCC_WARN_ABOUT_RETURN_TYPE = YES_ERROR;
				GCC_WARN_UNDECLARED_SELECTOR = YES;
				GCC_WARN_UNINITIALIZED_AUTOS = YES_AGGRESSIVE;
				GCC_WARN_UNUSED_FUNCTION = YES;
				GCC_WARN_UNUSED_VARIABLE = YES;
				IPHONEOS_DEPLOYMENT_TARGET = 13.4;
				MTL_ENABLE_DEBUG_INFO = INCLUDE_SOURCE;
				MTL_FAST_MATH = YES;
				ONLY_ACTIVE_ARCH = YES;
				SDKROOT = iphoneos;
				SWIFT_ACTIVE_COMPILATION_CONDITIONS = DEBUG;
				SWIFT_OPTIMIZATION_LEVEL = "-Onone";
			};
			name = Debug;
		};
		B5FF55DD247C3725004CBCA0 /* Release */ = {
			isa = XCBuildConfiguration;
			buildSettings = {
				ALWAYS_SEARCH_USER_PATHS = NO;
				CLANG_ANALYZER_NONNULL = YES;
				CLANG_ANALYZER_NUMBER_OBJECT_CONVERSION = YES_AGGRESSIVE;
				CLANG_CXX_LANGUAGE_STANDARD = "gnu++14";
				CLANG_CXX_LIBRARY = "libc++";
				CLANG_ENABLE_MODULES = YES;
				CLANG_ENABLE_OBJC_ARC = YES;
				CLANG_ENABLE_OBJC_WEAK = YES;
				CLANG_WARN_BLOCK_CAPTURE_AUTORELEASING = YES;
				CLANG_WARN_BOOL_CONVERSION = YES;
				CLANG_WARN_COMMA = YES;
				CLANG_WARN_CONSTANT_CONVERSION = YES;
				CLANG_WARN_DEPRECATED_OBJC_IMPLEMENTATIONS = YES;
				CLANG_WARN_DIRECT_OBJC_ISA_USAGE = YES_ERROR;
				CLANG_WARN_DOCUMENTATION_COMMENTS = YES;
				CLANG_WARN_EMPTY_BODY = YES;
				CLANG_WARN_ENUM_CONVERSION = YES;
				CLANG_WARN_INFINITE_RECURSION = YES;
				CLANG_WARN_INT_CONVERSION = YES;
				CLANG_WARN_NON_LITERAL_NULL_CONVERSION = YES;
				CLANG_WARN_OBJC_IMPLICIT_RETAIN_SELF = YES;
				CLANG_WARN_OBJC_LITERAL_CONVERSION = YES;
				CLANG_WARN_OBJC_ROOT_CLASS = YES_ERROR;
				CLANG_WARN_RANGE_LOOP_ANALYSIS = YES;
				CLANG_WARN_STRICT_PROTOTYPES = YES;
				CLANG_WARN_SUSPICIOUS_MOVE = YES;
				CLANG_WARN_UNGUARDED_AVAILABILITY = YES_AGGRESSIVE;
				CLANG_WARN_UNREACHABLE_CODE = YES;
				CLANG_WARN__DUPLICATE_METHOD_MATCH = YES;
				COPY_PHASE_STRIP = NO;
				DEBUG_INFORMATION_FORMAT = "dwarf-with-dsym";
				ENABLE_NS_ASSERTIONS = NO;
				ENABLE_STRICT_OBJC_MSGSEND = YES;
				GCC_C_LANGUAGE_STANDARD = gnu11;
				GCC_NO_COMMON_BLOCKS = YES;
				GCC_WARN_64_TO_32_BIT_CONVERSION = YES;
				GCC_WARN_ABOUT_RETURN_TYPE = YES_ERROR;
				GCC_WARN_UNDECLARED_SELECTOR = YES;
				GCC_WARN_UNINITIALIZED_AUTOS = YES_AGGRESSIVE;
				GCC_WARN_UNUSED_FUNCTION = YES;
				GCC_WARN_UNUSED_VARIABLE = YES;
				IPHONEOS_DEPLOYMENT_TARGET = 13.4;
				MTL_ENABLE_DEBUG_INFO = NO;
				MTL_FAST_MATH = YES;
				SDKROOT = iphoneos;
				SWIFT_COMPILATION_MODE = wholemodule;
				SWIFT_OPTIMIZATION_LEVEL = "-O";
				VALIDATE_PRODUCT = YES;
			};
			name = Release;
		};
		B5FF55DF247C3725004CBCA0 /* Debug */ = {
			isa = XCBuildConfiguration;
			baseConfigurationReference = C629B5DA6AD1313099BC6829 /* Pods-KinoMovieApp.debug.xcconfig */;
			buildSettings = {
				ASSETCATALOG_COMPILER_APPICON_NAME = AppIcon;
				CODE_SIGN_STYLE = Automatic;
				DEVELOPMENT_ASSET_PATHS = "\"KinoMovieApp/Preview Content\"";
				DEVELOPMENT_TEAM = ESBVLK43Z5;
				ENABLE_PREVIEWS = YES;
				INFOPLIST_FILE = KinoMovieApp/Info.plist;
				LD_RUNPATH_SEARCH_PATHS = (
					"$(inherited)",
					"@executable_path/Frameworks",
				);
				PRODUCT_BUNDLE_IDENTIFIER = tlon.KinoMovieApp;
				PRODUCT_NAME = "$(TARGET_NAME)";
				SWIFT_VERSION = 5.0;
				TARGETED_DEVICE_FAMILY = "1,2";
			};
			name = Debug;
		};
		B5FF55E0247C3725004CBCA0 /* Release */ = {
			isa = XCBuildConfiguration;
			baseConfigurationReference = CE00D57868288150B37D213A /* Pods-KinoMovieApp.release.xcconfig */;
			buildSettings = {
				ASSETCATALOG_COMPILER_APPICON_NAME = AppIcon;
				CODE_SIGN_STYLE = Automatic;
				DEVELOPMENT_ASSET_PATHS = "\"KinoMovieApp/Preview Content\"";
				DEVELOPMENT_TEAM = ESBVLK43Z5;
				ENABLE_PREVIEWS = YES;
				INFOPLIST_FILE = KinoMovieApp/Info.plist;
				LD_RUNPATH_SEARCH_PATHS = (
					"$(inherited)",
					"@executable_path/Frameworks",
				);
				PRODUCT_BUNDLE_IDENTIFIER = tlon.KinoMovieApp;
				PRODUCT_NAME = "$(TARGET_NAME)";
				SWIFT_VERSION = 5.0;
				TARGETED_DEVICE_FAMILY = "1,2";
			};
			name = Release;
		};
/* End XCBuildConfiguration section */

/* Begin XCConfigurationList section */
		B5FF55C5247C3724004CBCA0 /* Build configuration list for PBXProject "KinoMovieApp" */ = {
			isa = XCConfigurationList;
			buildConfigurations = (
				B5FF55DC247C3725004CBCA0 /* Debug */,
				B5FF55DD247C3725004CBCA0 /* Release */,
			);
			defaultConfigurationIsVisible = 0;
			defaultConfigurationName = Release;
		};
		B5FF55DE247C3725004CBCA0 /* Build configuration list for PBXNativeTarget "KinoMovieApp" */ = {
			isa = XCConfigurationList;
			buildConfigurations = (
				B5FF55DF247C3725004CBCA0 /* Debug */,
				B5FF55E0247C3725004CBCA0 /* Release */,
			);
			defaultConfigurationIsVisible = 0;
			defaultConfigurationName = Release;
		};
/* End XCConfigurationList section */
	};
	rootObject = B5FF55C2247C3724004CBCA0 /* Project object */;
}
